
Microsoft Visual Studio Solution File, Format Version 12.00
# Visual Studio Version 17
VisualStudioVersion = 17.9.34616.47
MinimumVisualStudioVersion = 10.0.40219.1
Project("{9A19103F-16F7-4668-BE54-9A1E7A4F7556}") = "TimerPlugin", "TimerPlugin.csproj", "{8F2AC7EE-CF1C-4D3D-A769-CFD154D717F9}"
EndProject
Project("{2150E333-8FDC-42A3-9474-1A3956D46DE8}") = "Lib", "Lib", "{CB46BB39-F82A-4B9E-8ED8-EE7F87CD4EB0}"
EndProject
Project("{9A19103F-16F7-4668-BE54-9A1E7A4F7556}") = "StreamGlass.Core", "..\..\..\StreamGlass\StreamGlass.Core\StreamGlass.Core.csproj", "{0FCF2CBE-5C4E-4741-AB7D-145D85297D86}"
EndProject
Global
	GlobalSection(SolutionConfigurationPlatforms) = preSolution
		Debug|Any CPU = Debug|Any CPU
		Release|Any CPU = Release|Any CPU
	EndGlobalSection
	GlobalSection(ProjectConfigurationPlatforms) = postSolution
		{8F2AC7EE-CF1C-4D3D-A769-CFD154D717F9}.Debug|Any CPU.ActiveCfg = Debug|Any CPU
		{8F2AC7EE-CF1C-4D3D-A769-CFD154D717F9}.Debug|Any CPU.Build.0 = Debug|Any CPU
		{8F2AC7EE-CF1C-4D3D-A769-CFD154D717F9}.Release|Any CPU.ActiveCfg = Release|Any CPU
		{8F2AC7EE-CF1C-4D3D-A769-CFD154D717F9}.Release|Any CPU.Build.0 = Release|Any CPU
		{0FCF2CBE-5C4E-4741-AB7D-145D85297D86}.Debug|Any CPU.ActiveCfg = Debug|Any CPU
		{0FCF2CBE-5C4E-4741-AB7D-145D85297D86}.Debug|Any CPU.Build.0 = Debug|Any CPU
		{0FCF2CBE-5C4E-4741-AB7D-145D85297D86}.Release|Any CPU.ActiveCfg = Release|Any CPU
		{0FCF2CBE-5C4E-4741-AB7D-145D85297D86}.Release|Any CPU.Build.0 = Release|Any CPU
	EndGlobalSection
	GlobalSection(SolutionProperties) = preSolution
		HideSolutionNode = FALSE
	EndGlobalSection
	GlobalSection(NestedProjects) = preSolution
		{0FCF2CBE-5C4E-4741-AB7D-145D85297D86} = {CB46BB39-F82A-4B9E-8ED8-EE7F87CD4EB0}
	EndGlobalSection
	GlobalSection(ExtensibilityGlobals) = postSolution
		SolutionGuid = {55E3A626-4A8F-4945-BF77-1860B03463CA}
	EndGlobalSection
EndGlobal
